// !$*UTF8*$!
{
	archiveVersion = 1;
	classes = {
	};
	objectVersion = 56;
	objects = {

/* Begin PBXBuildFile section */
		570BA45E29DE17BF0009D8E9 /* CodeExplanation in Resources */ = {isa = PBXBuildFile; fileRef = 570BA45D29DE17BF0009D8E9 /* CodeExplanation */; };
		571840A829DC7D6C005C4C7A /* AppDelegate.swift in Sources */ = {isa = PBXBuildFile; fileRef = 571840A729DC7D6C005C4C7A /* AppDelegate.swift */; };
		571840AA29DC7D6C005C4C7A /* SceneDelegate.swift in Sources */ = {isa = PBXBuildFile; fileRef = 571840A929DC7D6C005C4C7A /* SceneDelegate.swift */; };
		571840AC29DC7D6C005C4C7A /* ViewController.swift in Sources */ = {isa = PBXBuildFile; fileRef = 571840AB29DC7D6C005C4C7A /* ViewController.swift */; };
		571840AF29DC7D6C005C4C7A /* Main.storyboard in Resources */ = {isa = PBXBuildFile; fileRef = 571840AD29DC7D6C005C4C7A /* Main.storyboard */; };
		571840B129DC7D6E005C4C7A /* Assets.xcassets in Resources */ = {isa = PBXBuildFile; fileRef = 571840B029DC7D6E005C4C7A /* Assets.xcassets */; };
		571840B429DC7D6E005C4C7A /* LaunchScreen.storyboard in Resources */ = {isa = PBXBuildFile; fileRef = 571840B229DC7D6E005C4C7A /* LaunchScreen.storyboard */; };
		571840C329DC921A005C4C7A /* MainViewController.swift in Sources */ = {isa = PBXBuildFile; fileRef = 571840C229DC921A005C4C7A /* MainViewController.swift */; };
		571840C529DC9235005C4C7A /* RateDishViewController.swift in Sources */ = {isa = PBXBuildFile; fileRef = 571840C429DC9235005C4C7A /* RateDishViewController.swift */; };
		571840CB29DCC4C2005C4C7A /* RestaurantModel.xcdatamodeld in Sources */ = {isa = PBXBuildFile; fileRef = 571840C929DCC4C2005C4C7A /* RestaurantModel.xcdatamodeld */; };
/* End PBXBuildFile section */

/* Begin PBXFileReference section */
		570BA45D29DE17BF0009D8E9 /* CodeExplanation */ = {isa = PBXFileReference; lastKnownFileType = text; path = CodeExplanation; sourceTree = "<group>"; };
		571840A429DC7D6C005C4C7A /* RestaurantRater.app */ = {isa = PBXFileReference; explicitFileType = wrapper.application; includeInIndex = 0; path = RestaurantRater.app; sourceTree = BUILT_PRODUCTS_DIR; };
		571840A729DC7D6C005C4C7A /* AppDelegate.swift */ = {isa = PBXFileReference; lastKnownFileType = sourcecode.swift; path = AppDelegate.swift; sourceTree = "<group>"; };
		571840A929DC7D6C005C4C7A /* SceneDelegate.swift */ = {isa = PBXFileReference; lastKnownFileType = sourcecode.swift; path = SceneDelegate.swift; sourceTree = "<group>"; };
		571840AB29DC7D6C005C4C7A /* ViewController.swift */ = {isa = PBXFileReference; lastKnownFileType = sourcecode.swift; path = ViewController.swift; sourceTree = "<group>"; };
		571840AE29DC7D6C005C4C7A /* Base */ = {isa = PBXFileReference; lastKnownFileType = file.storyboard; name = Base; path = Base.lproj/Main.storyboard; sourceTree = "<group>"; };
		571840B029DC7D6E005C4C7A /* Assets.xcassets */ = {isa = PBXFileReference; lastKnownFileType = folder.assetcatalog; path = Assets.xcassets; sourceTree = "<group>"; };
		571840B329DC7D6E005C4C7A /* Base */ = {isa = PBXFileReference; lastKnownFileType = file.storyboard; name = Base; path = Base.lproj/LaunchScreen.storyboard; sourceTree = "<group>"; };
		571840B529DC7D6E005C4C7A /* Info.plist */ = {isa = PBXFileReference; lastKnownFileType = text.plist.xml; path = Info.plist; sourceTree = "<group>"; };
		571840C229DC921A005C4C7A /* MainViewController.swift */ = {isa = PBXFileReference; lastKnownFileType = sourcecode.swift; path = MainViewController.swift; sourceTree = "<group>"; };
		571840C429DC9235005C4C7A /* RateDishViewController.swift */ = {isa = PBXFileReference; lastKnownFileType = sourcecode.swift; path = RateDishViewController.swift; sourceTree = "<group>"; };
		571840CA29DCC4C2005C4C7A /* RestaurantModel.xcdatamodel */ = {isa = PBXFileReference; lastKnownFileType = wrapper.xcdatamodel; path = RestaurantModel.xcdatamodel; sourceTree = "<group>"; };
/* End PBXFileReference section */

/* Begin PBXFrameworksBuildPhase section */
		571840A129DC7D6C005C4C7A /* Frameworks */ = {
			isa = PBXFrameworksBuildPhase;
			buildActionMask = 2147483647;
			files = (
			);
			runOnlyForDeploymentPostprocessing = 0;
		};
/* End PBXFrameworksBuildPhase section */

/* Begin PBXGroup section */
		5718409B29DC7D6C005C4C7A = {
			isa = PBXGroup;
			children = (
				571840A629DC7D6C005C4C7A /* RestaurantRater */,
				571840A529DC7D6C005C4C7A /* Products */,
			);
			sourceTree = "<group>";
		};
		571840A529DC7D6C005C4C7A /* Products */ = {
			isa = PBXGroup;
			children = (
				571840A429DC7D6C005C4C7A /* RestaurantRater.app */,
			);
			name = Products;
			sourceTree = "<group>";
		};
		571840A629DC7D6C005C4C7A /* RestaurantRater */ = {
			isa = PBXGroup;
			children = (
				571840A729DC7D6C005C4C7A /* AppDelegate.swift */,
				571840A929DC7D6C005C4C7A /* SceneDelegate.swift */,
				571840AB29DC7D6C005C4C7A /* ViewController.swift */,
				571840AD29DC7D6C005C4C7A /* Main.storyboard */,
				571840B029DC7D6E005C4C7A /* Assets.xcassets */,
				571840B229DC7D6E005C4C7A /* LaunchScreen.storyboard */,
				571840B529DC7D6E005C4C7A /* Info.plist */,
				571840C229DC921A005C4C7A /* MainViewController.swift */,
				571840C429DC9235005C4C7A /* RateDishViewController.swift */,
				571840C929DCC4C2005C4C7A /* RestaurantModel.xcdatamodeld */,
				570BA45D29DE17BF0009D8E9 /* CodeExplanation */,
			);
			path = RestaurantRater;
			sourceTree = "<group>";
		};
/* End PBXGroup section */

/* Begin PBXNativeTarget section */
		571840A329DC7D6C005C4C7A /* RestaurantRater */ = {
			isa = PBXNativeTarget;
			buildConfigurationList = 571840B829DC7D6E005C4C7A /* Build configuration list for PBXNativeTarget "RestaurantRater" */;
			buildPhases = (
				571840A029DC7D6C005C4C7A /* Sources */,
				571840A129DC7D6C005C4C7A /* Frameworks */,
				571840A229DC7D6C005C4C7A /* Resources */,
			);
			buildRules = (
			);
			dependencies = (
			);
			name = RestaurantRater;
			productName = RestaurantRater;
			productReference = 571840A429DC7D6C005C4C7A /* RestaurantRater.app */;
			productType = "com.apple.product-type.application";
		};
/* End PBXNativeTarget section */

/* Begin PBXProject section */
		5718409C29DC7D6C005C4C7A /* Project object */ = {
			isa = PBXProject;
			attributes = {
				BuildIndependentTargetsInParallel = 1;
				LastSwiftUpdateCheck = 1420;
				LastUpgradeCheck = 1420;
				TargetAttributes = {
					571840A329DC7D6C005C4C7A = {
						CreatedOnToolsVersion = 14.2;
					};
				};
			};
			buildConfigurationList = 5718409F29DC7D6C005C4C7A /* Build configuration list for PBXProject "RestaurantRater" */;
			compatibilityVersion = "Xcode 14.0";
			developmentRegion = en;
			hasScannedForEncodings = 0;
			knownRegions = (
				en,
				Base,
			);
			mainGroup = 5718409B29DC7D6C005C4C7A;
			productRefGroup = 571840A529DC7D6C005C4C7A /* Products */;
			projectDirPath = "";
			projectRoot = "";
			targets = (
				571840A329DC7D6C005C4C7A /* RestaurantRater */,
			);
		};
/* End PBXProject section */

/* Begin PBXResourcesBuildPhase section */
		571840A229DC7D6C005C4C7A /* Resources */ = {
			isa = PBXResourcesBuildPhase;
			buildActionMask = 2147483647;
			files = (
				571840B429DC7D6E005C4C7A /* LaunchScreen.storyboard in Resources */,
				571840B129DC7D6E005C4C7A /* Assets.xcassets in Resources */,
				570BA45E29DE17BF0009D8E9 /* CodeExplanation in Resources */,
				571840AF29DC7D6C005C4C7A /* Main.storyboard in Resources */,
			);
			runOnlyForDeploymentPostprocessing = 0;
		};
/* End PBXResourcesBuildPhase section */

/* Begin PBXSourcesBuildPhase section */
		571840A029DC7D6C005C4C7A /* Sources */ = {
			isa = PBXSourcesBuildPhase;
			buildActionMask = 2147483647;
			files = (
				571840AC29DC7D6C005C4C7A /* ViewController.swift in Sources */,
				571840A829DC7D6C005C4C7A /* AppDelegate.swift in Sources */,
				571840AA29DC7D6C005C4C7A /* SceneDelegate.swift in Sources */,
				571840C529DC9235005C4C7A /* RateDishViewController.swift in Sources */,
				571840CB29DCC4C2005C4C7A /* RestaurantModel.xcdatamodeld in Sources */,
				571840C329DC921A005C4C7A /* MainViewController.swift in Sources */,
			);
			runOnlyForDeploymentPostprocessing = 0;
		};
/* End PBXSourcesBuildPhase section */

/* Begin PBXVariantGroup section */
		571840AD29DC7D6C005C4C7A /* Main.storyboard */ = {
			isa = PBXVariantGroup;
			children = (
				571840AE29DC7D6C005C4C7A /* Base */,
			);
			name = Main.storyboard;
			sourceTree = "<group>";
		};
		571840B229DC7D6E005C4C7A /* LaunchScreen.storyboard */ = {
			isa = PBXVariantGroup;
			children = (
				571840B329DC7D6E005C4C7A /* Base */,
			);
			name = LaunchScreen.storyboard;
			sourceTree = "<group>";
		};
/* End PBXVariantGroup section */

/* Begin XCBuildConfiguration section */
		571840B629DC7D6E005C4C7A /* Debug */ = {
			isa = XCBuildConfiguration;
			buildSettings = {
				ALWAYS_SEARCH_USER_PATHS = NO;
				CLANG_ANALYZER_NONNULL = YES;
				CLANG_ANALYZER_NUMBER_OBJECT_CONVERSION = YES_AGGRESSIVE;
				CLANG_CXX_LANGUAGE_STANDARD = "gnu++20";
				CLANG_ENABLE_MODULES = YES;
				CLANG_ENABLE_OBJC_ARC = YES;
				CLANG_ENABLE_OBJC_WEAK = YES;
				CLANG_WARN_BLOCK_CAPTURE_AUTORELEASING = YES;
				CLANG_WARN_BOOL_CONVERSION = YES;
				CLANG_WARN_COMMA = YES;
				CLANG_WARN_CONSTANT_CONVERSION = YES;
				CLANG_WARN_DEPRECATED_OBJC_IMPLEMENTATIONS = YES;
				CLANG_WARN_DIRECT_OBJC_ISA_USAGE = YES_ERROR;
				CLANG_WARN_DOCUMENTATION_COMMENTS = YES;
				CLANG_WARN_EMPTY_BODY = YES;
				CLANG_WARN_ENUM_CONVERSION = YES;
				CLANG_WARN_INFINITE_RECURSION = YES;
				CLANG_WARN_INT_CONVERSION = YES;
				CLANG_WARN_NON_LITERAL_NULL_CONVERSION = YES;
				CLANG_WARN_OBJC_IMPLICIT_RETAIN_SELF = YES;
				CLANG_WARN_OBJC_LITERAL_CONVERSION = YES;
				CLANG_WARN_OBJC_ROOT_CLASS = YES_ERROR;
				CLANG_WARN_QUOTED_INCLUDE_IN_FRAMEWORK_HEADER = YES;
				CLANG_WARN_RANGE_LOOP_ANALYSIS = YES;
				CLANG_WARN_STRICT_PROTOTYPES = YES;
				CLANG_WARN_SUSPICIOUS_MOVE = YES;
				CLANG_WARN_UNGUARDED_AVAILABILITY = YES_AGGRESSIVE;
				CLANG_WARN_UNREACHABLE_CODE = YES;
				CLANG_WARN__DUPLICATE_METHOD_MATCH = YES;
				COPY_PHASE_STRIP = NO;
				DEBUG_INFORMATION_FORMAT = dwarf;
				ENABLE_STRICT_OBJC_MSGSEND = YES;
				ENABLE_TESTABILITY = YES;
				GCC_C_LANGUAGE_STANDARD = gnu11;
				GCC_DYNAMIC_NO_PIC = NO;
				GCC_NO_COMMON_BLOCKS = YES;
				GCC_OPTIMIZATION_LEVEL = 0;
				GCC_PREPROCESSOR_DEFINITIONS = (
					"DEBUG=1",
					"$(inherited)",
				);
				GCC_WARN_64_TO_32_BIT_CONVERSION = YES;
				GCC_WARN_ABOUT_RETURN_TYPE = YES_ERROR;
				GCC_WARN_UNDECLARED_SELECTOR = YES;
				GCC_WARN_UNINITIALIZED_AUTOS = YES_AGGRESSIVE;
				GCC_WARN_UNUSED_FUNCTION = YES;
				GCC_WARN_UNUSED_VARIABLE = YES;
				IPHONEOS_DEPLOYMENT_TARGET = 16.2;
				MTL_ENABLE_DEBUG_INFO = INCLUDE_SOURCE;
				MTL_FAST_MATH = YES;
				ONLY_ACTIVE_ARCH = YES;
				SDKROOT = iphoneos;
				SWIFT_ACTIVE_COMPILATION_CONDITIONS = DEBUG;
				SWIFT_OPTIMIZATION_LEVEL = "-Onone";
			};
			name = Debug;
		};
		571840B729DC7D6E005C4C7A /* Release */ = {
			isa = XCBuildConfiguration;
			buildSettings = {
				ALWAYS_SEARCH_USER_PATHS = NO;
				CLANG_ANALYZER_NONNULL = YES;
				CLANG_ANALYZER_NUMBER_OBJECT_CONVERSION = YES_AGGRESSIVE;
				CLANG_CXX_LANGUAGE_STANDARD = "gnu++20";
				CLANG_ENABLE_MODULES = YES;
				CLANG_ENABLE_OBJC_ARC = YES;
				CLANG_ENABLE_OBJC_WEAK = YES;
				CLANG_WARN_BLOCK_CAPTURE_AUTORELEASING = YES;
				CLANG_WARN_BOOL_CONVERSION = YES;
				CLANG_WARN_COMMA = YES;
				CLANG_WARN_CONSTANT_CONVERSION = YES;
				CLANG_WARN_DEPRECATED_OBJC_IMPLEMENTATIONS = YES;
				CLANG_WARN_DIRECT_OBJC_ISA_USAGE = YES_ERROR;
				CLANG_WARN_DOCUMENTATION_COMMENTS = YES;
				CLANG_WARN_EMPTY_BODY = YES;
				CLANG_WARN_ENUM_CONVERSION = YES;
				CLANG_WARN_INFINITE_RECURSION = YES;
				CLANG_WARN_INT_CONVERSION = YES;
				CLANG_WARN_NON_LITERAL_NULL_CONVERSION = YES;
				CLANG_WARN_OBJC_IMPLICIT_RETAIN_SELF = YES;
				CLANG_WARN_OBJC_LITERAL_CONVERSION = YES;
				CLANG_WARN_OBJC_ROOT_CLASS = YES_ERROR;
				CLANG_WARN_QUOTED_INCLUDE_IN_FRAMEWORK_HEADER = YES;
				CLANG_WARN_RANGE_LOOP_ANALYSIS = YES;
				CLANG_WARN_STRICT_PROTOTYPES = YES;
				CLANG_WARN_SUSPICIOUS_MOVE = YES;
				CLANG_WARN_UNGUARDED_AVAILABILITY = YES_AGGRESSIVE;
				CLANG_WARN_UNREACHABLE_CODE = YES;
				CLANG_WARN__DUPLICATE_METHOD_MATCH = YES;
				COPY_PHASE_STRIP = NO;
				DEBUG_INFORMATION_FORMAT = "dwarf-with-dsym";
				ENABLE_NS_ASSERTIONS = NO;
				ENABLE_STRICT_OBJC_MSGSEND = YES;
				GCC_C_LANGUAGE_STANDARD = gnu11;
				GCC_NO_COMMON_BLOCKS = YES;
				GCC_WARN_64_TO_32_BIT_CONVERSION = YES;
				GCC_WARN_ABOUT_RETURN_TYPE = YES_ERROR;
				GCC_WARN_UNDECLARED_SELECTOR = YES;
				GCC_WARN_UNINITIALIZED_AUTOS = YES_AGGRESSIVE;
				GCC_WARN_UNUSED_FUNCTION = YES;
				GCC_WARN_UNUSED_VARIABLE = YES;
				IPHONEOS_DEPLOYMENT_TARGET = 16.2;
				MTL_ENABLE_DEBUG_INFO = NO;
				MTL_FAST_MATH = YES;
				SDKROOT = iphoneos;
				SWIFT_COMPILATION_MODE = wholemodule;
				SWIFT_OPTIMIZATION_LEVEL = "-O";
				VALIDATE_PRODUCT = YES;
			};
			name = Release;
		};
		571840B929DC7D6E005C4C7A /* Debug */ = {
			isa = XCBuildConfiguration;
			buildSettings = {
				ASSETCATALOG_COMPILER_APPICON_NAME = AppIcon;
				ASSETCATALOG_COMPILER_GLOBAL_ACCENT_COLOR_NAME = AccentColor;
				CODE_SIGN_STYLE = Automatic;
				CURRENT_PROJECT_VERSION = 1;
				DEVELOPMENT_TEAM = 578H2ZN64Q;
				GENERATE_INFOPLIST_FILE = YES;
				INFOPLIST_FILE = RestaurantRater/Info.plist;
				INFOPLIST_KEY_UIApplicationSupportsIndirectInputEvents = YES;
				INFOPLIST_KEY_UILaunchStoryboardName = LaunchScreen;
				INFOPLIST_KEY_UIMainStoryboardFile = Main;
				INFOPLIST_KEY_UISupportedInterfaceOrientations_iPad = "UIInterfaceOrientationPortrait UIInterfaceOrientationPortraitUpsideDown UIInterfaceOrientationLandscapeLeft UIInterfaceOrientationLandscapeRight";
				INFOPLIST_KEY_UISupportedInterfaceOrientations_iPhone = "UIInterfaceOrientationPortrait UIInterfaceOrientationLandscapeLeft UIInterfaceOrientationLandscapeRight";
				LD_RUNPATH_SEARCH_PATHS = (
					"$(inherited)",
					"@executable_path/Frameworks",
				);
				MARKETING_VERSION = 1.0;
				PRODUCT_BUNDLE_IDENTIFIER = com.gsu.practice.RestaurantRater;
				PRODUCT_NAME = "$(TARGET_NAME)";
				SWIFT_EMIT_LOC_STRINGS = YES;
				SWIFT_VERSION = 5.0;
				TARGETED_DEVICE_FAMILY = "1,2";
			};
			name = Debug;
		};
		571840BA29DC7D6E005C4C7A /* Release */ = {
			isa = XCBuildConfiguration;
			buildSettings = {
				ASSETCATALOG_COMPILER_APPICON_NAME = AppIcon;
				ASSETCATALOG_COMPILER_GLOBAL_ACCENT_COLOR_NAME = AccentColor;
				CODE_SIGN_STYLE = Automatic;
				CURRENT_PROJECT_VERSION = 1;
				DEVELOPMENT_TEAM = 578H2ZN64Q;
				GENERATE_INFOPLIST_FILE = YES;
				INFOPLIST_FILE = RestaurantRater/Info.plist;
				INFOPLIST_KEY_UIApplicationSupportsIndirectInputEvents = YES;
				INFOPLIST_KEY_UILaunchStoryboardName = LaunchScreen;
				INFOPLIST_KEY_UIMainStoryboardFile = Main;
				INFOPLIST_KEY_UISupportedInterfaceOrientations_iPad = "UIInterfaceOrientationPortrait UIInterfaceOrientationPortraitUpsideDown UIInterfaceOrientationLandscapeLeft UIInterfaceOrientationLandscapeRight";
				INFOPLIST_KEY_UISupportedInterfaceOrientations_iPhone = "UIInterfaceOrientationPortrait UIInterfaceOrientationLandscapeLeft UIInterfaceOrientationLandscapeRight";
				LD_RUNPATH_SEARCH_PATHS = (
					"$(inherited)",
					"@executable_path/Frameworks",
				);
				MARKETING_VERSION = 1.0;
				PRODUCT_BUNDLE_IDENTIFIER = com.gsu.practice.RestaurantRater;
				PRODUCT_NAME = "$(TARGET_NAME)";
				SWIFT_EMIT_LOC_STRINGS = YES;
				SWIFT_VERSION = 5.0;
				TARGETED_DEVICE_FAMILY = "1,2";
			};
			name = Release;
		};
/* End XCBuildConfiguration section */

/* Begin XCConfigurationList section */
		5718409F29DC7D6C005C4C7A /* Build configuration list for PBXProject "RestaurantRater" */ = {
			isa = XCConfigurationList;
			buildConfigurations = (
				571840B629DC7D6E005C4C7A /* Debug */,
				571840B729DC7D6E005C4C7A /* Release */,
			);
			defaultConfigurationIsVisible = 0;
			defaultConfigurationName = Release;
		};
		571840B829DC7D6E005C4C7A /* Build configuration list for PBXNativeTarget "RestaurantRater" */ = {
			isa = XCConfigurationList;
			buildConfigurations = (
				571840B929DC7D6E005C4C7A /* Debug */,
				571840BA29DC7D6E005C4C7A /* Release */,
			);
			defaultConfigurationIsVisible = 0;
			defaultConfigurationName = Release;
		};
/* End XCConfigurationList section */

/* Begin XCVersionGroup section */
		571840C929DCC4C2005C4C7A /* RestaurantModel.xcdatamodeld */ = {
			isa = XCVersionGroup;
			children = (
				571840CA29DCC4C2005C4C7A /* RestaurantModel.xcdatamodel */,
			);
			currentVersion = 571840CA29DCC4C2005C4C7A /* RestaurantModel.xcdatamodel */;
			path = RestaurantModel.xcdatamodeld;
			sourceTree = "<group>";
			versionGroupType = wrapper.xcdatamodel;
		};
/* End XCVersionGroup section */
	};
	rootObject = 5718409C29DC7D6C005C4C7A /* Project object */;
}
